
Microsoft Visual Studio Solution File, Format Version 12.00
# Visual Studio Version 17
VisualStudioVersion = 17.0.31912.275
MinimumVisualStudioVersion = 10.0.40219.1
Project("{FAE04EC0-301F-11D3-BF4B-00C04F79EFBC}") = "TQSSandwichServer", "TQSSandwichSever\TQSSandwichServer.csproj", "{F990BD25-60CB-4DA7-ADC7-0B833E2D546A}"
EndProject
Global
	GlobalSection(SolutionConfigurationPlatforms) = preSolution
		Debug|Any CPU = Debug|Any CPU
		Release|Any CPU = Release|Any CPU
	EndGlobalSection
	GlobalSection(ProjectConfigurationPlatforms) = postSolution
		{F990BD25-60CB-4DA7-ADC7-0B833E2D546A}.Debug|Any CPU.ActiveCfg = Debug|Any CPU
		{F990BD25-60CB-4DA7-ADC7-0B833E2D546A}.Debug|Any CPU.Build.0 = Debug|Any CPU
		{F990BD25-60CB-4DA7-ADC7-0B833E2D546A}.Release|Any CPU.ActiveCfg = Release|Any CPU
		{F990BD25-60CB-4DA7-ADC7-0B833E2D546A}.Release|Any CPU.Build.0 = Release|Any CPU
	EndGlobalSection
	GlobalSection(SolutionProperties) = preSolution
		HideSolutionNode = FALSE
	EndGlobalSection
	GlobalSection(ExtensibilityGlobals) = postSolution
		SolutionGuid = {C27DE272-77C6-429E-ABEB-BEF5FDA43364}
	EndGlobalSection
EndGlobal
